
Microsoft Visual Studio Solution File, Format Version 12.00
# Visual Studio Version 17
VisualStudioVersion = 17.11.35208.52
MinimumVisualStudioVersion = 10.0.40219.1
Project("{FAE04EC0-301F-11D3-BF4B-00C04F79EFBC}") = "WebApplication1", "WebApplication1\WebApplication1.csproj", "{D17AB667-B8DA-4DB5-9633-C4F10F79A5E5}"
EndProject
Global
	GlobalSection(SolutionConfigurationPlatforms) = preSolution
		Debug|Any CPU = Debug|Any CPU
		Release|Any CPU = Release|Any CPU
	EndGlobalSection
	GlobalSection(ProjectConfigurationPlatforms) = postSolution
		{D17AB667-B8DA-4DB5-9633-C4F10F79A5E5}.Debug|Any CPU.ActiveCfg = Debug|Any CPU
		{D17AB667-B8DA-4DB5-9633-C4F10F79A5E5}.Debug|Any CPU.Build.0 = Debug|Any CPU
		{D17AB667-B8DA-4DB5-9633-C4F10F79A5E5}.Release|Any CPU.ActiveCfg = Release|Any CPU
		{D17AB667-B8DA-4DB5-9633-C4F10F79A5E5}.Release|Any CPU.Build.0 = Release|Any CPU
	EndGlobalSection
	GlobalSection(SolutionProperties) = preSolution
		HideSolutionNode = FALSE
	EndGlobalSection
	GlobalSection(ExtensibilityGlobals) = postSolution
		SolutionGuid = {96686FE6-277C-4549-8406-A289B1C8CBAA}
	EndGlobalSection
EndGlobal
